
Microsoft Visual Studio Solution File, Format Version 12.00
# Visual Studio Version 17
VisualStudioVersion = 17.11.35111.106
MinimumVisualStudioVersion = 10.0.40219.1
Project("{FAE04EC0-301F-11D3-BF4B-00C04F79EFBC}") = "Messenger.Empresa.Server", "Messenger.Empresa.Server.csproj", "{019C3EDA-B29D-4C46-8810-DBCE1AE84F2A}"
EndProject
Global
	GlobalSection(SolutionConfigurationPlatforms) = preSolution
		Debug|Any CPU = Debug|Any CPU
		Release|Any CPU = Release|Any CPU
	EndGlobalSection
	GlobalSection(ProjectConfigurationPlatforms) = postSolution
		{019C3EDA-B29D-4C46-8810-DBCE1AE84F2A}.Debug|Any CPU.ActiveCfg = Debug|Any CPU
		{019C3EDA-B29D-4C46-8810-DBCE1AE84F2A}.Debug|Any CPU.Build.0 = Debug|Any CPU
		{019C3EDA-B29D-4C46-8810-DBCE1AE84F2A}.Release|Any CPU.ActiveCfg = Release|Any CPU
		{019C3EDA-B29D-4C46-8810-DBCE1AE84F2A}.Release|Any CPU.Build.0 = Release|Any CPU
	EndGlobalSection
	GlobalSection(SolutionProperties) = preSolution
		HideSolutionNode = FALSE
	EndGlobalSection
	GlobalSection(ExtensibilityGlobals) = postSolution
		SolutionGuid = {84E8074C-F369-4124-A190-6E15ADFFABD2}
	EndGlobalSection
EndGlobal
